
Microsoft Visual Studio Solution File, Format Version 12.00
# Visual Studio Version 17
VisualStudioVersion = 17.1.32407.343
MinimumVisualStudioVersion = 10.0.40219.1
Project("{8BC9CEB8-8B4A-11D0-8D11-00A0C91BC942}") = "MapProcess", "MapProcess\MapProcess.vcxproj", "{471D74A4-F2E0-45DC-B864-EAB99546BCE5}"
EndProject
Global
	GlobalSection(SolutionConfigurationPlatforms) = preSolution
		Debug|x64 = Debug|x64
		Debug|x86 = Debug|x86
		Release|x64 = Release|x64
		Release|x86 = Release|x86
	EndGlobalSection
	GlobalSection(ProjectConfigurationPlatforms) = postSolution
		{471D74A4-F2E0-45DC-B864-EAB99546BCE5}.Debug|x64.ActiveCfg = Debug|x64
		{471D74A4-F2E0-45DC-B864-EAB99546BCE5}.Debug|x64.Build.0 = Debug|x64
		{471D74A4-F2E0-45DC-B864-EAB99546BCE5}.Debug|x86.ActiveCfg = Debug|Win32
		{471D74A4-F2E0-45DC-B864-EAB99546BCE5}.Debug|x86.Build.0 = Debug|Win32
		{471D74A4-F2E0-45DC-B864-EAB99546BCE5}.Release|x64.ActiveCfg = Release|x64
		{471D74A4-F2E0-45DC-B864-EAB99546BCE5}.Release|x64.Build.0 = Release|x64
		{471D74A4-F2E0-45DC-B864-EAB99546BCE5}.Release|x86.ActiveCfg = Release|Win32
		{471D74A4-F2E0-45DC-B864-EAB99546BCE5}.Release|x86.Build.0 = Release|Win32
	EndGlobalSection
	GlobalSection(SolutionProperties) = preSolution
		HideSolutionNode = FALSE
	EndGlobalSection
	GlobalSection(ExtensibilityGlobals) = postSolution
		SolutionGuid = {C743A58C-F090-4D83-849A-218493099793}
	EndGlobalSection
EndGlobal
